
Microsoft Visual Studio Solution File, Format Version 12.00
# Visual Studio 15
VisualStudioVersion = 15.0.28307.1433
MinimumVisualStudioVersion = 10.0.40219.1
Project("{FAE04EC0-301F-11D3-BF4B-00C04F79EFBC}") = "HelloWorld", "Walkthrough\HelloWorld\HelloWorld.csproj", "{55021D8E-B277-4EA9-988F-B6C7B7AAD02C}"
EndProject
Project("{2150E333-8FDC-42A3-9474-1A3956D46DE8}") = "Walkthrough", "Walkthrough", "{C3E4DAE8-48B1-487F-9B0D-E0DA6B279879}"
EndProject
Project("{FAE04EC0-301F-11D3-BF4B-00C04F79EFBC}") = "AddRibbonPanel", "Walkthrough\AddRibbonPanel\AddRibbonPanel.csproj", "{03BF7EF4-5B98-458D-AA8A-914744F1A52D}"
EndProject
Project("{FAE04EC0-301F-11D3-BF4B-00C04F79EFBC}") = "RetrieveSelectedElements", "Walkthrough\RetrieveSelectedElements\RetrieveSelectedElements.csproj", "{D9B144AE-632F-4EDE-BE68-3BEF3CAC4523}"
EndProject
Project("{FAE04EC0-301F-11D3-BF4B-00C04F79EFBC}") = "RetrieveFilteredElements", "Walkthrough\RetrieveFilteredElements\RetrieveFilteredElements.csproj", "{E28EC6D3-265F-4CB7-88AA-5482041250C8}"
EndProject
Project("{2150E333-8FDC-42A3-9474-1A3956D46DE8}") = "AddinIntegration", "AddinIntegration", "{44702360-67A9-446B-93F4-4BF60F439335}"
EndProject
Project("{FAE04EC0-301F-11D3-BF4B-00C04F79EFBC}") = "SetErrorMessageString", "AddinIntegration\SetErrorMessageString\SetErrorMessageString.csproj", "{75E816CE-342C-4623-A4C3-946FB50F9DAF}"
EndProject
Project("{FAE04EC0-301F-11D3-BF4B-00C04F79EFBC}") = "HighlightingWalls", "AddinIntegration\HighlightingWalls\HighlightingWalls.csproj", "{E9B4EF59-C9F5-4451-BAE0-CBE0F5E24C67}"
EndProject
Project("{FAE04EC0-301F-11D3-BF4B-00C04F79EFBC}") = "PromptingUser", "AddinIntegration\PromptingUser\PromptingUser.csproj", "{A038C1F3-1890-4263-ADD9-61CEBBE855E5}"
EndProject
Project("{FAE04EC0-301F-11D3-BF4B-00C04F79EFBC}") = "SetCommandAvailability", "AddinIntegration\SetCommandAvailability\SetCommandAvailability.csproj", "{1ED399F6-9765-49D3-B91A-42156282E7B9}"
EndProject
Project("{FAE04EC0-301F-11D3-BF4B-00C04F79EFBC}") = "SimpleRevitApplication", "AddinIntegration\SimpleRevitApplication\SimpleRevitApplication.csproj", "{A246D6BE-0BFC-48D6-AE80-C424AC4C068C}"
EndProject
Project("{FAE04EC0-301F-11D3-BF4B-00C04F79EFBC}") = "DialogBoxShowingEvent", "AddinIntegration\DialogBoxShowingEvent\DialogBoxShowingEvent.csproj", "{0727F562-7110-4B17-8A7C-FCDDB7E9E86B}"
EndProject
Project("{FAE04EC0-301F-11D3-BF4B-00C04F79EFBC}") = "ManifestHandler", "AddinIntegration\ManifestHandler\ManifestHandler.csproj", "{DD7291B6-98E9-4704-8FC1-B8A8C9398E1E}"
EndProject
Global
	GlobalSection(SolutionConfigurationPlatforms) = preSolution
		Debug|Any CPU = Debug|Any CPU
		Debug|x64 = Debug|x64
		Release|Any CPU = Release|Any CPU
		Release|x64 = Release|x64
	EndGlobalSection
	GlobalSection(ProjectConfigurationPlatforms) = postSolution
		{55021D8E-B277-4EA9-988F-B6C7B7AAD02C}.Debug|Any CPU.ActiveCfg = Debug|Any CPU
		{55021D8E-B277-4EA9-988F-B6C7B7AAD02C}.Debug|Any CPU.Build.0 = Debug|Any CPU
		{55021D8E-B277-4EA9-988F-B6C7B7AAD02C}.Debug|x64.ActiveCfg = Debug|x64
		{55021D8E-B277-4EA9-988F-B6C7B7AAD02C}.Debug|x64.Build.0 = Debug|x64
		{55021D8E-B277-4EA9-988F-B6C7B7AAD02C}.Release|Any CPU.ActiveCfg = Release|Any CPU
		{55021D8E-B277-4EA9-988F-B6C7B7AAD02C}.Release|Any CPU.Build.0 = Release|Any CPU
		{55021D8E-B277-4EA9-988F-B6C7B7AAD02C}.Release|x64.ActiveCfg = Release|x64
		{55021D8E-B277-4EA9-988F-B6C7B7AAD02C}.Release|x64.Build.0 = Release|x64
		{03BF7EF4-5B98-458D-AA8A-914744F1A52D}.Debug|Any CPU.ActiveCfg = Debug|Any CPU
		{03BF7EF4-5B98-458D-AA8A-914744F1A52D}.Debug|Any CPU.Build.0 = Debug|Any CPU
		{03BF7EF4-5B98-458D-AA8A-914744F1A52D}.Debug|x64.ActiveCfg = Debug|x64
		{03BF7EF4-5B98-458D-AA8A-914744F1A52D}.Debug|x64.Build.0 = Debug|x64
		{03BF7EF4-5B98-458D-AA8A-914744F1A52D}.Release|Any CPU.ActiveCfg = Release|Any CPU
		{03BF7EF4-5B98-458D-AA8A-914744F1A52D}.Release|Any CPU.Build.0 = Release|Any CPU
		{03BF7EF4-5B98-458D-AA8A-914744F1A52D}.Release|x64.ActiveCfg = Release|x64
		{03BF7EF4-5B98-458D-AA8A-914744F1A52D}.Release|x64.Build.0 = Release|x64
		{D9B144AE-632F-4EDE-BE68-3BEF3CAC4523}.Debug|Any CPU.ActiveCfg = Debug|Any CPU
		{D9B144AE-632F-4EDE-BE68-3BEF3CAC4523}.Debug|Any CPU.Build.0 = Debug|Any CPU
		{D9B144AE-632F-4EDE-BE68-3BEF3CAC4523}.Debug|x64.ActiveCfg = Debug|x64
		{D9B144AE-632F-4EDE-BE68-3BEF3CAC4523}.Debug|x64.Build.0 = Debug|x64
		{D9B144AE-632F-4EDE-BE68-3BEF3CAC4523}.Release|Any CPU.ActiveCfg = Release|Any CPU
		{D9B144AE-632F-4EDE-BE68-3BEF3CAC4523}.Release|Any CPU.Build.0 = Release|Any CPU
		{D9B144AE-632F-4EDE-BE68-3BEF3CAC4523}.Release|x64.ActiveCfg = Release|x64
		{D9B144AE-632F-4EDE-BE68-3BEF3CAC4523}.Release|x64.Build.0 = Release|x64
		{E28EC6D3-265F-4CB7-88AA-5482041250C8}.Debug|Any CPU.ActiveCfg = Debug|Any CPU
		{E28EC6D3-265F-4CB7-88AA-5482041250C8}.Debug|Any CPU.Build.0 = Debug|Any CPU
		{E28EC6D3-265F-4CB7-88AA-5482041250C8}.Debug|x64.ActiveCfg = Debug|x64
		{E28EC6D3-265F-4CB7-88AA-5482041250C8}.Debug|x64.Build.0 = Debug|x64
		{E28EC6D3-265F-4CB7-88AA-5482041250C8}.Release|Any CPU.ActiveCfg = Release|Any CPU
		{E28EC6D3-265F-4CB7-88AA-5482041250C8}.Release|Any CPU.Build.0 = Release|Any CPU
		{E28EC6D3-265F-4CB7-88AA-5482041250C8}.Release|x64.ActiveCfg = Release|x64
		{E28EC6D3-265F-4CB7-88AA-5482041250C8}.Release|x64.Build.0 = Release|x64
		{75E816CE-342C-4623-A4C3-946FB50F9DAF}.Debug|Any CPU.ActiveCfg = Debug|Any CPU
		{75E816CE-342C-4623-A4C3-946FB50F9DAF}.Debug|Any CPU.Build.0 = Debug|Any CPU
		{75E816CE-342C-4623-A4C3-946FB50F9DAF}.Debug|x64.ActiveCfg = Debug|x64
		{75E816CE-342C-4623-A4C3-946FB50F9DAF}.Debug|x64.Build.0 = Debug|x64
		{75E816CE-342C-4623-A4C3-946FB50F9DAF}.Release|Any CPU.ActiveCfg = Release|Any CPU
		{75E816CE-342C-4623-A4C3-946FB50F9DAF}.Release|Any CPU.Build.0 = Release|Any CPU
		{75E816CE-342C-4623-A4C3-946FB50F9DAF}.Release|x64.ActiveCfg = Release|x64
		{75E816CE-342C-4623-A4C3-946FB50F9DAF}.Release|x64.Build.0 = Release|x64
		{E9B4EF59-C9F5-4451-BAE0-CBE0F5E24C67}.Debug|Any CPU.ActiveCfg = Debug|Any CPU
		{E9B4EF59-C9F5-4451-BAE0-CBE0F5E24C67}.Debug|Any CPU.Build.0 = Debug|Any CPU
		{E9B4EF59-C9F5-4451-BAE0-CBE0F5E24C67}.Debug|x64.ActiveCfg = Debug|x64
		{E9B4EF59-C9F5-4451-BAE0-CBE0F5E24C67}.Debug|x64.Build.0 = Debug|x64
		{E9B4EF59-C9F5-4451-BAE0-CBE0F5E24C67}.Release|Any CPU.ActiveCfg = Release|Any CPU
		{E9B4EF59-C9F5-4451-BAE0-CBE0F5E24C67}.Release|Any CPU.Build.0 = Release|Any CPU
		{E9B4EF59-C9F5-4451-BAE0-CBE0F5E24C67}.Release|x64.ActiveCfg = Release|x64
		{E9B4EF59-C9F5-4451-BAE0-CBE0F5E24C67}.Release|x64.Build.0 = Release|x64
		{A038C1F3-1890-4263-ADD9-61CEBBE855E5}.Debug|Any CPU.ActiveCfg = Debug|Any CPU
		{A038C1F3-1890-4263-ADD9-61CEBBE855E5}.Debug|Any CPU.Build.0 = Debug|Any CPU
		{A038C1F3-1890-4263-ADD9-61CEBBE855E5}.Debug|x64.ActiveCfg = Debug|Any CPU
		{A038C1F3-1890-4263-ADD9-61CEBBE855E5}.Debug|x64.Build.0 = Debug|Any CPU
		{A038C1F3-1890-4263-ADD9-61CEBBE855E5}.Release|Any CPU.ActiveCfg = Release|Any CPU
		{A038C1F3-1890-4263-ADD9-61CEBBE855E5}.Release|Any CPU.Build.0 = Release|Any CPU
		{A038C1F3-1890-4263-ADD9-61CEBBE855E5}.Release|x64.ActiveCfg = Release|Any CPU
		{A038C1F3-1890-4263-ADD9-61CEBBE855E5}.Release|x64.Build.0 = Release|Any CPU
		{1ED399F6-9765-49D3-B91A-42156282E7B9}.Debug|Any CPU.ActiveCfg = Debug|Any CPU
		{1ED399F6-9765-49D3-B91A-42156282E7B9}.Debug|Any CPU.Build.0 = Debug|Any CPU
		{1ED399F6-9765-49D3-B91A-42156282E7B9}.Debug|x64.ActiveCfg = Debug|Any CPU
		{1ED399F6-9765-49D3-B91A-42156282E7B9}.Debug|x64.Build.0 = Debug|Any CPU
		{1ED399F6-9765-49D3-B91A-42156282E7B9}.Release|Any CPU.ActiveCfg = Release|Any CPU
		{1ED399F6-9765-49D3-B91A-42156282E7B9}.Release|Any CPU.Build.0 = Release|Any CPU
		{1ED399F6-9765-49D3-B91A-42156282E7B9}.Release|x64.ActiveCfg = Release|Any CPU
		{1ED399F6-9765-49D3-B91A-42156282E7B9}.Release|x64.Build.0 = Release|Any CPU
		{A246D6BE-0BFC-48D6-AE80-C424AC4C068C}.Debug|Any CPU.ActiveCfg = Debug|Any CPU
		{A246D6BE-0BFC-48D6-AE80-C424AC4C068C}.Debug|Any CPU.Build.0 = Debug|Any CPU
		{A246D6BE-0BFC-48D6-AE80-C424AC4C068C}.Debug|x64.ActiveCfg = Debug|Any CPU
		{A246D6BE-0BFC-48D6-AE80-C424AC4C068C}.Debug|x64.Build.0 = Debug|Any CPU
		{A246D6BE-0BFC-48D6-AE80-C424AC4C068C}.Release|Any CPU.ActiveCfg = Release|Any CPU
		{A246D6BE-0BFC-48D6-AE80-C424AC4C068C}.Release|Any CPU.Build.0 = Release|Any CPU
		{A246D6BE-0BFC-48D6-AE80-C424AC4C068C}.Release|x64.ActiveCfg = Release|Any CPU
		{A246D6BE-0BFC-48D6-AE80-C424AC4C068C}.Release|x64.Build.0 = Release|Any CPU
		{0727F562-7110-4B17-8A7C-FCDDB7E9E86B}.Debug|Any CPU.ActiveCfg = Debug|Any CPU
		{0727F562-7110-4B17-8A7C-FCDDB7E9E86B}.Debug|Any CPU.Build.0 = Debug|Any CPU
		{0727F562-7110-4B17-8A7C-FCDDB7E9E86B}.Debug|x64.ActiveCfg = Debug|Any CPU
		{0727F562-7110-4B17-8A7C-FCDDB7E9E86B}.Debug|x64.Build.0 = Debug|Any CPU
		{0727F562-7110-4B17-8A7C-FCDDB7E9E86B}.Release|Any CPU.ActiveCfg = Release|Any CPU
		{0727F562-7110-4B17-8A7C-FCDDB7E9E86B}.Release|Any CPU.Build.0 = Release|Any CPU
		{0727F562-7110-4B17-8A7C-FCDDB7E9E86B}.Release|x64.ActiveCfg = Release|Any CPU
		{0727F562-7110-4B17-8A7C-FCDDB7E9E86B}.Release|x64.Build.0 = Release|Any CPU
		{DD7291B6-98E9-4704-8FC1-B8A8C9398E1E}.Debug|Any CPU.ActiveCfg = Debug|Any CPU
		{DD7291B6-98E9-4704-8FC1-B8A8C9398E1E}.Debug|Any CPU.Build.0 = Debug|Any CPU
		{DD7291B6-98E9-4704-8FC1-B8A8C9398E1E}.Debug|x64.ActiveCfg = Debug|Any CPU
		{DD7291B6-98E9-4704-8FC1-B8A8C9398E1E}.Debug|x64.Build.0 = Debug|Any CPU
		{DD7291B6-98E9-4704-8FC1-B8A8C9398E1E}.Release|Any CPU.ActiveCfg = Release|Any CPU
		{DD7291B6-98E9-4704-8FC1-B8A8C9398E1E}.Release|Any CPU.Build.0 = Release|Any CPU
		{DD7291B6-98E9-4704-8FC1-B8A8C9398E1E}.Release|x64.ActiveCfg = Release|Any CPU
		{DD7291B6-98E9-4704-8FC1-B8A8C9398E1E}.Release|x64.Build.0 = Release|Any CPU
	EndGlobalSection
	GlobalSection(SolutionProperties) = preSolution
		HideSolutionNode = FALSE
	EndGlobalSection
	GlobalSection(NestedProjects) = preSolution
		{55021D8E-B277-4EA9-988F-B6C7B7AAD02C} = {C3E4DAE8-48B1-487F-9B0D-E0DA6B279879}
		{03BF7EF4-5B98-458D-AA8A-914744F1A52D} = {C3E4DAE8-48B1-487F-9B0D-E0DA6B279879}
		{D9B144AE-632F-4EDE-BE68-3BEF3CAC4523} = {C3E4DAE8-48B1-487F-9B0D-E0DA6B279879}
		{E28EC6D3-265F-4CB7-88AA-5482041250C8} = {C3E4DAE8-48B1-487F-9B0D-E0DA6B279879}
		{75E816CE-342C-4623-A4C3-946FB50F9DAF} = {44702360-67A9-446B-93F4-4BF60F439335}
		{E9B4EF59-C9F5-4451-BAE0-CBE0F5E24C67} = {44702360-67A9-446B-93F4-4BF60F439335}
		{A038C1F3-1890-4263-ADD9-61CEBBE855E5} = {44702360-67A9-446B-93F4-4BF60F439335}
		{1ED399F6-9765-49D3-B91A-42156282E7B9} = {44702360-67A9-446B-93F4-4BF60F439335}
		{A246D6BE-0BFC-48D6-AE80-C424AC4C068C} = {44702360-67A9-446B-93F4-4BF60F439335}
		{0727F562-7110-4B17-8A7C-FCDDB7E9E86B} = {44702360-67A9-446B-93F4-4BF60F439335}
		{DD7291B6-98E9-4704-8FC1-B8A8C9398E1E} = {44702360-67A9-446B-93F4-4BF60F439335}
	EndGlobalSection
	GlobalSection(ExtensibilityGlobals) = postSolution
		SolutionGuid = {E71B6AD9-BE49-4511-8390-5FD292629A14}
	EndGlobalSection
EndGlobal
